// !$*UTF8*$!
{
	archiveVersion = 1;
	classes = {
	};
	objectVersion = 50;
	objects = {

/* Begin PBXBuildFile section */
		067F7A3A26D9C6300098F3DB /* DentalQuizApp.swift in Sources */ = {isa = PBXBuildFile; fileRef = 067F7A3926D9C6300098F3DB /* DentalQuizApp.swift */; };
		067F7A3C26D9C6300098F3DB /* WelcomeView.swift in Sources */ = {isa = PBXBuildFile; fileRef = 067F7A3B26D9C6300098F3DB /* WelcomeView.swift */; };
		067F7A3E26D9C6360098F3DB /* Assets.xcassets in Resources */ = {isa = PBXBuildFile; fileRef = 067F7A3D26D9C6360098F3DB /* Assets.xcassets */; };
		067F7A4126D9C6360098F3DB /* Preview Assets.xcassets in Resources */ = {isa = PBXBuildFile; fileRef = 067F7A4026D9C6360098F3DB /* Preview Assets.xcassets */; };
		067F7A4C26D9C7100098F3DB /* Question.swift in Sources */ = {isa = PBXBuildFile; fileRef = 067F7A4B26D9C7100098F3DB /* Question.swift */; };
		067F7A4E26D9C71C0098F3DB /* Quiz.swift in Sources */ = {isa = PBXBuildFile; fileRef = 067F7A4D26D9C71C0098F3DB /* Quiz.swift */; };
		067F7A5026D9C7660098F3DB /* QuizViewModel.swift in Sources */ = {isa = PBXBuildFile; fileRef = 067F7A4F26D9C7660098F3DB /* QuizViewModel.swift */; };
		067F7A5226D9C7720098F3DB /* ResultsViewModel.swift in Sources */ = {isa = PBXBuildFile; fileRef = 067F7A5126D9C7720098F3DB /* ResultsViewModel.swift */; };
		067F7A5426D9C8020098F3DB /* MultipleChoiceView.swift in Sources */ = {isa = PBXBuildFile; fileRef = 067F7A5326D9C8020098F3DB /* MultipleChoiceView.swift */; };
		067F7A5626D9C80C0098F3DB /* ColorScheme.swift in Sources */ = {isa = PBXBuildFile; fileRef = 067F7A5526D9C80C0098F3DB /* ColorScheme.swift */; };
		067F7A5826D9C8250098F3DB /* BottomTextView.swift in Sources */ = {isa = PBXBuildFile; fileRef = 067F7A5726D9C8250098F3DB /* BottomTextView.swift */; };
		067F7A5A26D9C83B0098F3DB /* QuizView.swift in Sources */ = {isa = PBXBuildFile; fileRef = 067F7A5926D9C83B0098F3DB /* QuizView.swift */; };
		067F7A5C26D9C8440098F3DB /* QuestionView.swift in Sources */ = {isa = PBXBuildFile; fileRef = 067F7A5B26D9C8440098F3DB /* QuestionView.swift */; };
		067F7A5E26D9C84D0098F3DB /* ResultsView.swift in Sources */ = {isa = PBXBuildFile; fileRef = 067F7A5D26D9C84D0098F3DB /* ResultsView.swift */; };
/* End PBXBuildFile section */

/* Begin PBXFileReference section */
		067F7A3626D9C6300098F3DB /* DentalQuiz.app */ = {isa = PBXFileReference; explicitFileType = wrapper.application; includeInIndex = 0; path = DentalQuiz.app; sourceTree = BUILT_PRODUCTS_DIR; };
		067F7A3926D9C6300098F3DB /* DentalQuizApp.swift */ = {isa = PBXFileReference; lastKnownFileType = sourcecode.swift; path = DentalQuizApp.swift; sourceTree = "<group>"; };
		067F7A3B26D9C6300098F3DB /* WelcomeView.swift */ = {isa = PBXFileReference; lastKnownFileType = sourcecode.swift; path = WelcomeView.swift; sourceTree = "<group>"; };
		067F7A3D26D9C6360098F3DB /* Assets.xcassets */ = {isa = PBXFileReference; lastKnownFileType = folder.assetcatalog; path = Assets.xcassets; sourceTree = "<group>"; };
		067F7A4026D9C6360098F3DB /* Preview Assets.xcassets */ = {isa = PBXFileReference; lastKnownFileType = folder.assetcatalog; path = "Preview Assets.xcassets"; sourceTree = "<group>"; };
		067F7A4226D9C6360098F3DB /* Info.plist */ = {isa = PBXFileReference; lastKnownFileType = text.plist.xml; path = Info.plist; sourceTree = "<group>"; };
		067F7A4B26D9C7100098F3DB /* Question.swift */ = {isa = PBXFileReference; lastKnownFileType = sourcecode.swift; path = Question.swift; sourceTree = "<group>"; };
		067F7A4D26D9C71C0098F3DB /* Quiz.swift */ = {isa = PBXFileReference; lastKnownFileType = sourcecode.swift; path = Quiz.swift; sourceTree = "<group>"; };
		067F7A4F26D9C7660098F3DB /* QuizViewModel.swift */ = {isa = PBXFileReference; lastKnownFileType = sourcecode.swift; path = QuizViewModel.swift; sourceTree = "<group>"; };
		067F7A5126D9C7720098F3DB /* ResultsViewModel.swift */ = {isa = PBXFileReference; lastKnownFileType = sourcecode.swift; path = ResultsViewModel.swift; sourceTree = "<group>"; };
		067F7A5326D9C8020098F3DB /* MultipleChoiceView.swift */ = {isa = PBXFileReference; lastKnownFileType = sourcecode.swift; path = MultipleChoiceView.swift; sourceTree = "<group>"; };
		067F7A5526D9C80C0098F3DB /* ColorScheme.swift */ = {isa = PBXFileReference; lastKnownFileType = sourcecode.swift; path = ColorScheme.swift; sourceTree = "<group>"; };
		067F7A5726D9C8250098F3DB /* BottomTextView.swift */ = {isa = PBXFileReference; lastKnownFileType = sourcecode.swift; path = BottomTextView.swift; sourceTree = "<group>"; };
		067F7A5926D9C83B0098F3DB /* QuizView.swift */ = {isa = PBXFileReference; lastKnownFileType = sourcecode.swift; path = QuizView.swift; sourceTree = "<group>"; };
		067F7A5B26D9C8440098F3DB /* QuestionView.swift */ = {isa = PBXFileReference; lastKnownFileType = sourcecode.swift; path = QuestionView.swift; sourceTree = "<group>"; };
		067F7A5D26D9C84D0098F3DB /* ResultsView.swift */ = {isa = PBXFileReference; lastKnownFileType = sourcecode.swift; path = ResultsView.swift; sourceTree = "<group>"; };
/* End PBXFileReference section */

/* Begin PBXFrameworksBuildPhase section */
		067F7A3326D9C6300098F3DB /* Frameworks */ = {
			isa = PBXFrameworksBuildPhase;
			buildActionMask = 2147483647;
			files = (
			);
			runOnlyForDeploymentPostprocessing = 0;
		};
/* End PBXFrameworksBuildPhase section */

/* Begin PBXGroup section */
		0609D6AF26E1E8B5009D4A1B /* Style and Format */ = {
			isa = PBXGroup;
			children = (
				067F7A5326D9C8020098F3DB /* MultipleChoiceView.swift */,
				067F7A5726D9C8250098F3DB /* BottomTextView.swift */,
				067F7A5526D9C80C0098F3DB /* ColorScheme.swift */,
			);
			path = "Style and Format";
			sourceTree = "<group>";
		};
		067F7A2D26D9C6300098F3DB = {
			isa = PBXGroup;
			children = (
				067F7A3826D9C6300098F3DB /* DentalQuiz */,
				067F7A3726D9C6300098F3DB /* Products */,
			);
			sourceTree = "<group>";
		};
		067F7A3726D9C6300098F3DB /* Products */ = {
			isa = PBXGroup;
			children = (
				067F7A3626D9C6300098F3DB /* DentalQuiz.app */,
			);
			name = Products;
			sourceTree = "<group>";
		};
		067F7A3826D9C6300098F3DB /* DentalQuiz */ = {
			isa = PBXGroup;
			children = (
				067F7A4A26D9C6DB0098F3DB /* ViewModels */,
				067F7A4926D9C6CD0098F3DB /* Models */,
				067F7A4826D9C6C50098F3DB /* Views */,
				067F7A3926D9C6300098F3DB /* DentalQuizApp.swift */,
				067F7A3D26D9C6360098F3DB /* Assets.xcassets */,
				067F7A4226D9C6360098F3DB /* Info.plist */,
				067F7A3F26D9C6360098F3DB /* Preview Content */,
			);
			path = DentalQuiz;
			sourceTree = "<group>";
		};
		067F7A3F26D9C6360098F3DB /* Preview Content */ = {
			isa = PBXGroup;
			children = (
				067F7A4026D9C6360098F3DB /* Preview Assets.xcassets */,
			);
			path = "Preview Content";
			sourceTree = "<group>";
		};
		067F7A4826D9C6C50098F3DB /* Views */ = {
			isa = PBXGroup;
			children = (
				0609D6AF26E1E8B5009D4A1B /* Style and Format */,
				067F7A3B26D9C6300098F3DB /* WelcomeView.swift */,
				067F7A5926D9C83B0098F3DB /* QuizView.swift */,
				067F7A5B26D9C8440098F3DB /* QuestionView.swift */,
				067F7A5D26D9C84D0098F3DB /* ResultsView.swift */,
			);
			path = Views;
			sourceTree = "<group>";
		};
		067F7A4926D9C6CD0098F3DB /* Models */ = {
			isa = PBXGroup;
			children = (
				067F7A4B26D9C7100098F3DB /* Question.swift */,
				067F7A4D26D9C71C0098F3DB /* Quiz.swift */,
			);
			path = Models;
			sourceTree = "<group>";
		};
		067F7A4A26D9C6DB0098F3DB /* ViewModels */ = {
			isa = PBXGroup;
			children = (
				067F7A4F26D9C7660098F3DB /* QuizViewModel.swift */,
				067F7A5126D9C7720098F3DB /* ResultsViewModel.swift */,
			);
			path = ViewModels;
			sourceTree = "<group>";
		};
/* End PBXGroup section */

/* Begin PBXNativeTarget section */
		067F7A3526D9C6300098F3DB /* DentalQuiz */ = {
			isa = PBXNativeTarget;
			buildConfigurationList = 067F7A4526D9C6360098F3DB /* Build configuration list for PBXNativeTarget "DentalQuiz" */;
			buildPhases = (
				067F7A3226D9C6300098F3DB /* Sources */,
				067F7A3326D9C6300098F3DB /* Frameworks */,
				067F7A3426D9C6300098F3DB /* Resources */,
			);
			buildRules = (
			);
			dependencies = (
			);
			name = DentalQuiz;
			productName = DentalQuiz;
			productReference = 067F7A3626D9C6300098F3DB /* DentalQuiz.app */;
			productType = "com.apple.product-type.application";
		};
/* End PBXNativeTarget section */

/* Begin PBXProject section */
		067F7A2E26D9C6300098F3DB /* Project object */ = {
			isa = PBXProject;
			attributes = {
				LastSwiftUpdateCheck = 1250;
				LastUpgradeCheck = 1250;
				TargetAttributes = {
					067F7A3526D9C6300098F3DB = {
						CreatedOnToolsVersion = 12.5.1;
					};
				};
			};
			buildConfigurationList = 067F7A3126D9C6300098F3DB /* Build configuration list for PBXProject "DentalQuiz" */;
			compatibilityVersion = "Xcode 9.3";
			developmentRegion = en;
			hasScannedForEncodings = 0;
			knownRegions = (
				en,
				Base,
			);
			mainGroup = 067F7A2D26D9C6300098F3DB;
			productRefGroup = 067F7A3726D9C6300098F3DB /* Products */;
			projectDirPath = "";
			projectRoot = "";
			targets = (
				067F7A3526D9C6300098F3DB /* DentalQuiz */,
			);
		};
/* End PBXProject section */

/* Begin PBXResourcesBuildPhase section */
		067F7A3426D9C6300098F3DB /* Resources */ = {
			isa = PBXResourcesBuildPhase;
			buildActionMask = 2147483647;
			files = (
				067F7A4126D9C6360098F3DB /* Preview Assets.xcassets in Resources */,
				067F7A3E26D9C6360098F3DB /* Assets.xcassets in Resources */,
			);
			runOnlyForDeploymentPostprocessing = 0;
		};
/* End PBXResourcesBuildPhase section */

/* Begin PBXSourcesBuildPhase section */
		067F7A3226D9C6300098F3DB /* Sources */ = {
			isa = PBXSourcesBuildPhase;
			buildActionMask = 2147483647;
			files = (
				067F7A4C26D9C7100098F3DB /* Question.swift in Sources */,
				067F7A3C26D9C6300098F3DB /* WelcomeView.swift in Sources */,
				067F7A3A26D9C6300098F3DB /* DentalQuizApp.swift in Sources */,
				067F7A5826D9C8250098F3DB /* BottomTextView.swift in Sources */,
				067F7A5A26D9C83B0098F3DB /* QuizView.swift in Sources */,
				067F7A5E26D9C84D0098F3DB /* ResultsView.swift in Sources */,
				067F7A5626D9C80C0098F3DB /* ColorScheme.swift in Sources */,
				067F7A5226D9C7720098F3DB /* ResultsViewModel.swift in Sources */,
				067F7A5C26D9C8440098F3DB /* QuestionView.swift in Sources */,
				067F7A5426D9C8020098F3DB /* MultipleChoiceView.swift in Sources */,
				067F7A5026D9C7660098F3DB /* QuizViewModel.swift in Sources */,
				067F7A4E26D9C71C0098F3DB /* Quiz.swift in Sources */,
			);
			runOnlyForDeploymentPostprocessing = 0;
		};
/* End PBXSourcesBuildPhase section */

/* Begin XCBuildConfiguration section */
		067F7A4326D9C6360098F3DB /* Debug */ = {
			isa = XCBuildConfiguration;
			buildSettings = {
				ALWAYS_SEARCH_USER_PATHS = NO;
				CLANG_ANALYZER_NONNULL = YES;
				CLANG_ANALYZER_NUMBER_OBJECT_CONVERSION = YES_AGGRESSIVE;
				CLANG_CXX_LANGUAGE_STANDARD = "gnu++14";
				CLANG_CXX_LIBRARY = "libc++";
				CLANG_ENABLE_MODULES = YES;
				CLANG_ENABLE_OBJC_ARC = YES;
				CLANG_ENABLE_OBJC_WEAK = YES;
				CLANG_WARN_BLOCK_CAPTURE_AUTORELEASING = YES;
				CLANG_WARN_BOOL_CONVERSION = YES;
				CLANG_WARN_COMMA = YES;
				CLANG_WARN_CONSTANT_CONVERSION = YES;
				CLANG_WARN_DEPRECATED_OBJC_IMPLEMENTATIONS = YES;
				CLANG_WARN_DIRECT_OBJC_ISA_USAGE = YES_ERROR;
				CLANG_WARN_DOCUMENTATION_COMMENTS = YES;
				CLANG_WARN_EMPTY_BODY = YES;
				CLANG_WARN_ENUM_CONVERSION = YES;
				CLANG_WARN_INFINITE_RECURSION = YES;
				CLANG_WARN_INT_CONVERSION = YES;
				CLANG_WARN_NON_LITERAL_NULL_CONVERSION = YES;
				CLANG_WARN_OBJC_IMPLICIT_RETAIN_SELF = YES;
				CLANG_WARN_OBJC_LITERAL_CONVERSION = YES;
				CLANG_WARN_OBJC_ROOT_CLASS = YES_ERROR;
				CLANG_WARN_QUOTED_INCLUDE_IN_FRAMEWORK_HEADER = YES;
				CLANG_WARN_RANGE_LOOP_ANALYSIS = YES;
				CLANG_WARN_STRICT_PROTOTYPES = YES;
				CLANG_WARN_SUSPICIOUS_MOVE = YES;
				CLANG_WARN_UNGUARDED_AVAILABILITY = YES_AGGRESSIVE;
				CLANG_WARN_UNREACHABLE_CODE = YES;
				CLANG_WARN__DUPLICATE_METHOD_MATCH = YES;
				COPY_PHASE_STRIP = NO;
				DEBUG_INFORMATION_FORMAT = dwarf;
				ENABLE_STRICT_OBJC_MSGSEND = YES;
				ENABLE_TESTABILITY = YES;
				GCC_C_LANGUAGE_STANDARD = gnu11;
				GCC_DYNAMIC_NO_PIC = NO;
				GCC_NO_COMMON_BLOCKS = YES;
				GCC_OPTIMIZATION_LEVEL = 0;
				GCC_PREPROCESSOR_DEFINITIONS = (
					"DEBUG=1",
					"$(inherited)",
				);
				GCC_WARN_64_TO_32_BIT_CONVERSION = YES;
				GCC_WARN_ABOUT_RETURN_TYPE = YES_ERROR;
				GCC_WARN_UNDECLARED_SELECTOR = YES;
				GCC_WARN_UNINITIALIZED_AUTOS = YES_AGGRESSIVE;
				GCC_WARN_UNUSED_FUNCTION = YES;
				GCC_WARN_UNUSED_VARIABLE = YES;
				IPHONEOS_DEPLOYMENT_TARGET = 14.5;
				MTL_ENABLE_DEBUG_INFO = INCLUDE_SOURCE;
				MTL_FAST_MATH = YES;
				ONLY_ACTIVE_ARCH = YES;
				SDKROOT = iphoneos;
				SWIFT_ACTIVE_COMPILATION_CONDITIONS = DEBUG;
				SWIFT_OPTIMIZATION_LEVEL = "-Onone";
			};
			name = Debug;
		};
		067F7A4426D9C6360098F3DB /* Release */ = {
			isa = XCBuildConfiguration;
			buildSettings = {
				ALWAYS_SEARCH_USER_PATHS = NO;
				CLANG_ANALYZER_NONNULL = YES;
				CLANG_ANALYZER_NUMBER_OBJECT_CONVERSION = YES_AGGRESSIVE;
				CLANG_CXX_LANGUAGE_STANDARD = "gnu++14";
				CLANG_CXX_LIBRARY = "libc++";
				CLANG_ENABLE_MODULES = YES;
				CLANG_ENABLE_OBJC_ARC = YES;
				CLANG_ENABLE_OBJC_WEAK = YES;
				CLANG_WARN_BLOCK_CAPTURE_AUTORELEASING = YES;
				CLANG_WARN_BOOL_CONVERSION = YES;
				CLANG_WARN_COMMA = YES;
				CLANG_WARN_CONSTANT_CONVERSION = YES;
				CLANG_WARN_DEPRECATED_OBJC_IMPLEMENTATIONS = YES;
				CLANG_WARN_DIRECT_OBJC_ISA_USAGE = YES_ERROR;
				CLANG_WARN_DOCUMENTATION_COMMENTS = YES;
				CLANG_WARN_EMPTY_BODY = YES;
				CLANG_WARN_ENUM_CONVERSION = YES;
				CLANG_WARN_INFINITE_RECURSION = YES;
				CLANG_WARN_INT_CONVERSION = YES;
				CLANG_WARN_NON_LITERAL_NULL_CONVERSION = YES;
				CLANG_WARN_OBJC_IMPLICIT_RETAIN_SELF = YES;
				CLANG_WARN_OBJC_LITERAL_CONVERSION = YES;
				CLANG_WARN_OBJC_ROOT_CLASS = YES_ERROR;
				CLANG_WARN_QUOTED_INCLUDE_IN_FRAMEWORK_HEADER = YES;
				CLANG_WARN_RANGE_LOOP_ANALYSIS = YES;
				CLANG_WARN_STRICT_PROTOTYPES = YES;
				CLANG_WARN_SUSPICIOUS_MOVE = YES;
				CLANG_WARN_UNGUARDED_AVAILABILITY = YES_AGGRESSIVE;
				CLANG_WARN_UNREACHABLE_CODE = YES;
				CLANG_WARN__DUPLICATE_METHOD_MATCH = YES;
				COPY_PHASE_STRIP = NO;
				DEBUG_INFORMATION_FORMAT = "dwarf-with-dsym";
				ENABLE_NS_ASSERTIONS = NO;
				ENABLE_STRICT_OBJC_MSGSEND = YES;
				GCC_C_LANGUAGE_STANDARD = gnu11;
				GCC_NO_COMMON_BLOCKS = YES;
				GCC_WARN_64_TO_32_BIT_CONVERSION = YES;
				GCC_WARN_ABOUT_RETURN_TYPE = YES_ERROR;
				GCC_WARN_UNDECLARED_SELECTOR = YES;
				GCC_WARN_UNINITIALIZED_AUTOS = YES_AGGRESSIVE;
				GCC_WARN_UNUSED_FUNCTION = YES;
				GCC_WARN_UNUSED_VARIABLE = YES;
				IPHONEOS_DEPLOYMENT_TARGET = 14.5;
				MTL_ENABLE_DEBUG_INFO = NO;
				MTL_FAST_MATH = YES;
				SDKROOT = iphoneos;
				SWIFT_COMPILATION_MODE = wholemodule;
				SWIFT_OPTIMIZATION_LEVEL = "-O";
				VALIDATE_PRODUCT = YES;
			};
			name = Release;
		};
		067F7A4626D9C6360098F3DB /* Debug */ = {
			isa = XCBuildConfiguration;
			buildSettings = {
				ASSETCATALOG_COMPILER_APPICON_NAME = AppIcon;
				ASSETCATALOG_COMPILER_GLOBAL_ACCENT_COLOR_NAME = AccentColor;
				CODE_SIGN_STYLE = Automatic;
				DEVELOPMENT_ASSET_PATHS = "\"DentalQuiz/Preview Content\"";
				ENABLE_PREVIEWS = YES;
				INFOPLIST_FILE = DentalQuiz/Info.plist;
				IPHONEOS_DEPLOYMENT_TARGET = 14.0;
				LD_RUNPATH_SEARCH_PATHS = (
					"$(inherited)",
					"@executable_path/Frameworks",
				);
				PRODUCT_BUNDLE_IDENTIFIER = com.TeresaNguyen.DentalQuiz;
				PRODUCT_NAME = "$(TARGET_NAME)";
				SWIFT_VERSION = 5.0;
				TARGETED_DEVICE_FAMILY = "1,2";
			};
			name = Debug;
		};
		067F7A4726D9C6360098F3DB /* Release */ = {
			isa = XCBuildConfiguration;
			buildSettings = {
				ASSETCATALOG_COMPILER_APPICON_NAME = AppIcon;
				ASSETCATALOG_COMPILER_GLOBAL_ACCENT_COLOR_NAME = AccentColor;
				CODE_SIGN_STYLE = Automatic;
				DEVELOPMENT_ASSET_PATHS = "\"DentalQuiz/Preview Content\"";
				ENABLE_PREVIEWS = YES;
				INFOPLIST_FILE = DentalQuiz/Info.plist;
				IPHONEOS_DEPLOYMENT_TARGET = 14.0;
				LD_RUNPATH_SEARCH_PATHS = (
					"$(inherited)",
					"@executable_path/Frameworks",
				);
				PRODUCT_BUNDLE_IDENTIFIER = com.TeresaNguyen.DentalQuiz;
				PRODUCT_NAME = "$(TARGET_NAME)";
				SWIFT_VERSION = 5.0;
				TARGETED_DEVICE_FAMILY = "1,2";
			};
			name = Release;
		};
/* End XCBuildConfiguration section */

/* Begin XCConfigurationList section */
		067F7A3126D9C6300098F3DB /* Build configuration list for PBXProject "DentalQuiz" */ = {
			isa = XCConfigurationList;
			buildConfigurations = (
				067F7A4326D9C6360098F3DB /* Debug */,
				067F7A4426D9C6360098F3DB /* Release */,
			);
			defaultConfigurationIsVisible = 0;
			defaultConfigurationName = Release;
		};
		067F7A4526D9C6360098F3DB /* Build configuration list for PBXNativeTarget "DentalQuiz" */ = {
			isa = XCConfigurationList;
			buildConfigurations = (
				067F7A4626D9C6360098F3DB /* Debug */,
				067F7A4726D9C6360098F3DB /* Release */,
			);
			defaultConfigurationIsVisible = 0;
			defaultConfigurationName = Release;
		};
/* End XCConfigurationList section */
	};
	rootObject = 067F7A2E26D9C6300098F3DB /* Project object */;
}
